// !$*UTF8*$!
{
	archiveVersion = 1;
	classes = {
	};
	objectVersion = 77;
	objects = {

/* Begin PBXBuildFile section */
		301C95B02E818653008E3F16 /* Domain.framework in Frameworks */ = {isa = PBXBuildFile; fileRef = 301C95A82E818652008E3F16 /* Domain.framework */; };
		301C95CB2E8187EF008E3F16 /* Domain.framework in Frameworks */ = {isa = PBXBuildFile; fileRef = 301C95A82E818652008E3F16 /* Domain.framework */; };
		301C95CC2E8187EF008E3F16 /* Domain.framework in Embed Frameworks */ = {isa = PBXBuildFile; fileRef = 301C95A82E818652008E3F16 /* Domain.framework */; settings = {ATTRIBUTES = (CodeSignOnCopy, RemoveHeadersOnCopy, ); }; };
		301C95D92E831A98008E3F16 /* Domain.framework in Frameworks */ = {isa = PBXBuildFile; fileRef = 301C95A82E818652008E3F16 /* Domain.framework */; };
		301C95DA2E831A98008E3F16 /* Domain.framework in Embed Frameworks */ = {isa = PBXBuildFile; fileRef = 301C95A82E818652008E3F16 /* Domain.framework */; settings = {ATTRIBUTES = (CodeSignOnCopy, RemoveHeadersOnCopy, ); }; };
		3049D7D82E957FB000BEECA3 /* Presentation.framework in Frameworks */ = {isa = PBXBuildFile; fileRef = 3049D7D02E957FB000BEECA3 /* Presentation.framework */; };
		3049D7ED2E9580A600BEECA3 /* Presentation.framework in Frameworks */ = {isa = PBXBuildFile; fileRef = 3049D7D02E957FB000BEECA3 /* Presentation.framework */; };
		3049D7EE2E9580A600BEECA3 /* Presentation.framework in Embed Frameworks */ = {isa = PBXBuildFile; fileRef = 3049D7D02E957FB000BEECA3 /* Presentation.framework */; settings = {ATTRIBUTES = (CodeSignOnCopy, RemoveHeadersOnCopy, ); }; };
		305005652E79B95A00DEF76D /* Persistence.framework in Frameworks */ = {isa = PBXBuildFile; fileRef = 3050055D2E79B95900DEF76D /* Persistence.framework */; };
		305005882E7A152000DEF76D /* Persistence.framework in Frameworks */ = {isa = PBXBuildFile; fileRef = 3050055D2E79B95900DEF76D /* Persistence.framework */; };
		305005892E7A152000DEF76D /* Persistence.framework in Embed Frameworks */ = {isa = PBXBuildFile; fileRef = 3050055D2E79B95900DEF76D /* Persistence.framework */; settings = {ATTRIBUTES = (CodeSignOnCopy, RemoveHeadersOnCopy, ); }; };
		30C88B2F2E9581E000224777 /* Domain.framework in Frameworks */ = {isa = PBXBuildFile; fileRef = 301C95A82E818652008E3F16 /* Domain.framework */; };
		30C88B302E9581E000224777 /* Domain.framework in Embed Frameworks */ = {isa = PBXBuildFile; fileRef = 301C95A82E818652008E3F16 /* Domain.framework */; settings = {ATTRIBUTES = (CodeSignOnCopy, RemoveHeadersOnCopy, ); }; };
/* End PBXBuildFile section */

/* Begin PBXContainerItemProxy section */
		301C95B12E818653008E3F16 /* PBXContainerItemProxy */ = {
			isa = PBXContainerItemProxy;
			containerPortal = 30BDE06C2E7854DF00199C93 /* Project object */;
			proxyType = 1;
			remoteGlobalIDString = 301C95A72E818652008E3F16;
			remoteInfo = Domain;
		};
		301C95CD2E8187EF008E3F16 /* PBXContainerItemProxy */ = {
			isa = PBXContainerItemProxy;
			containerPortal = 30BDE06C2E7854DF00199C93 /* Project object */;
			proxyType = 1;
			remoteGlobalIDString = 301C95A72E818652008E3F16;
			remoteInfo = Domain;
		};
		301C95DB2E831A98008E3F16 /* PBXContainerItemProxy */ = {
			isa = PBXContainerItemProxy;
			containerPortal = 30BDE06C2E7854DF00199C93 /* Project object */;
			proxyType = 1;
			remoteGlobalIDString = 301C95A72E818652008E3F16;
			remoteInfo = Domain;
		};
		30438AD42E7990AF00F3C852 /* PBXContainerItemProxy */ = {
			isa = PBXContainerItemProxy;
			containerPortal = 30BDE06C2E7854DF00199C93 /* Project object */;
			proxyType = 1;
			remoteGlobalIDString = 30BDE0732E7854E000199C93;
			remoteInfo = TrackChart;
		};
		3049D7D92E957FB000BEECA3 /* PBXContainerItemProxy */ = {
			isa = PBXContainerItemProxy;
			containerPortal = 30BDE06C2E7854DF00199C93 /* Project object */;
			proxyType = 1;
			remoteGlobalIDString = 3049D7CF2E957FB000BEECA3;
			remoteInfo = Presentation;
		};
		3049D7EF2E9580A600BEECA3 /* PBXContainerItemProxy */ = {
			isa = PBXContainerItemProxy;
			containerPortal = 30BDE06C2E7854DF00199C93 /* Project object */;
			proxyType = 1;
			remoteGlobalIDString = 3049D7CF2E957FB000BEECA3;
			remoteInfo = Presentation;
		};
		305005662E79B95A00DEF76D /* PBXContainerItemProxy */ = {
			isa = PBXContainerItemProxy;
			containerPortal = 30BDE06C2E7854DF00199C93 /* Project object */;
			proxyType = 1;
			remoteGlobalIDString = 3050055C2E79B95900DEF76D;
			remoteInfo = Store;
		};
		3050058A2E7A152000DEF76D /* PBXContainerItemProxy */ = {
			isa = PBXContainerItemProxy;
			containerPortal = 30BDE06C2E7854DF00199C93 /* Project object */;
			proxyType = 1;
			remoteGlobalIDString = 3050055C2E79B95900DEF76D;
			remoteInfo = Persistence;
		};
		30C88B312E9581E000224777 /* PBXContainerItemProxy */ = {
			isa = PBXContainerItemProxy;
			containerPortal = 30BDE06C2E7854DF00199C93 /* Project object */;
			proxyType = 1;
			remoteGlobalIDString = 301C95A72E818652008E3F16;
			remoteInfo = Domain;
		};
/* End PBXContainerItemProxy section */

/* Begin PBXCopyFilesBuildPhase section */
		301C95DD2E831A98008E3F16 /* Embed Frameworks */ = {
			isa = PBXCopyFilesBuildPhase;
			buildActionMask = 2147483647;
			dstPath = "";
			dstSubfolderSpec = 10;
			files = (
				301C95DA2E831A98008E3F16 /* Domain.framework in Embed Frameworks */,
			);
			name = "Embed Frameworks";
			runOnlyForDeploymentPostprocessing = 0;
		};
		3050058C2E7A152000DEF76D /* Embed Frameworks */ = {
			isa = PBXCopyFilesBuildPhase;
			buildActionMask = 2147483647;
			dstPath = "";
			dstSubfolderSpec = 10;
			files = (
				301C95CC2E8187EF008E3F16 /* Domain.framework in Embed Frameworks */,
				305005892E7A152000DEF76D /* Persistence.framework in Embed Frameworks */,
				3049D7EE2E9580A600BEECA3 /* Presentation.framework in Embed Frameworks */,
			);
			name = "Embed Frameworks";
			runOnlyForDeploymentPostprocessing = 0;
		};
		30C88B332E9581E000224777 /* Embed Frameworks */ = {
			isa = PBXCopyFilesBuildPhase;
			buildActionMask = 2147483647;
			dstPath = "";
			dstSubfolderSpec = 10;
			files = (
				30C88B302E9581E000224777 /* Domain.framework in Embed Frameworks */,
			);
			name = "Embed Frameworks";
			runOnlyForDeploymentPostprocessing = 0;
		};
/* End PBXCopyFilesBuildPhase section */

/* Begin PBXFileReference section */
		301C95A82E818652008E3F16 /* Domain.framework */ = {isa = PBXFileReference; explicitFileType = wrapper.framework; includeInIndex = 0; path = Domain.framework; sourceTree = BUILT_PRODUCTS_DIR; };
		301C95AF2E818653008E3F16 /* DomainTests.xctest */ = {isa = PBXFileReference; explicitFileType = wrapper.cfbundle; includeInIndex = 0; path = DomainTests.xctest; sourceTree = BUILT_PRODUCTS_DIR; };
		30438AD02E7990AF00F3C852 /* TrackChartiOSTests.xctest */ = {isa = PBXFileReference; explicitFileType = wrapper.cfbundle; includeInIndex = 0; path = TrackChartiOSTests.xctest; sourceTree = BUILT_PRODUCTS_DIR; };
		3049D7D02E957FB000BEECA3 /* Presentation.framework */ = {isa = PBXFileReference; explicitFileType = wrapper.framework; includeInIndex = 0; path = Presentation.framework; sourceTree = BUILT_PRODUCTS_DIR; };
		3049D7D72E957FB000BEECA3 /* PresentationTests.xctest */ = {isa = PBXFileReference; explicitFileType = wrapper.cfbundle; includeInIndex = 0; path = PresentationTests.xctest; sourceTree = BUILT_PRODUCTS_DIR; };
		3050055D2E79B95900DEF76D /* Persistence.framework */ = {isa = PBXFileReference; explicitFileType = wrapper.framework; includeInIndex = 0; path = Persistence.framework; sourceTree = BUILT_PRODUCTS_DIR; };
		305005642E79B95A00DEF76D /* PersistenceTests.xctest */ = {isa = PBXFileReference; explicitFileType = wrapper.cfbundle; includeInIndex = 0; path = PersistenceTests.xctest; sourceTree = BUILT_PRODUCTS_DIR; };
		30BDE0742E7854E000199C93 /* TrackChartiOS.app */ = {isa = PBXFileReference; explicitFileType = wrapper.application; includeInIndex = 0; path = TrackChartiOS.app; sourceTree = BUILT_PRODUCTS_DIR; };
		30C88B3A2E98863800224777 /* CI_macOS_Frameworks.xctestplan */ = {isa = PBXFileReference; lastKnownFileType = text; name = CI_macOS_Frameworks.xctestplan; path = TestPlans/CI_macOS_Frameworks.xctestplan; sourceTree = "<group>"; };
		30C88B3B2E9887E000224777 /* CI_iOS_App.xctestplan */ = {isa = PBXFileReference; lastKnownFileType = text; name = CI_iOS_App.xctestplan; path = TestPlans/CI_iOS_App.xctestplan; sourceTree = "<group>"; };
/* End PBXFileReference section */

/* Begin PBXFileSystemSynchronizedBuildFileExceptionSet section */
		301C95B72E818653008E3F16 /* Exceptions for "Domain" folder in "Domain" target */ = {
			isa = PBXFileSystemSynchronizedBuildFileExceptionSet;
			publicHeaders = (
				Domain.h,
			);
			target = 301C95A72E818652008E3F16 /* Domain */;
		};
		3049D7DF2E957FB000BEECA3 /* Exceptions for "Presentation" folder in "Presentation" target */ = {
			isa = PBXFileSystemSynchronizedBuildFileExceptionSet;
			publicHeaders = (
				Presentation.h,
			);
			target = 3049D7CF2E957FB000BEECA3 /* Presentation */;
		};
		3050056C2E79B95A00DEF76D /* Exceptions for "Persistence" folder in "Persistence" target */ = {
			isa = PBXFileSystemSynchronizedBuildFileExceptionSet;
			publicHeaders = (
				Persistence.h,
			);
			target = 3050055C2E79B95900DEF76D /* Persistence */;
		};
/* End PBXFileSystemSynchronizedBuildFileExceptionSet section */

/* Begin PBXFileSystemSynchronizedRootGroup section */
		301C95A92E818652008E3F16 /* Domain */ = {
			isa = PBXFileSystemSynchronizedRootGroup;
			exceptions = (
				301C95B72E818653008E3F16 /* Exceptions for "Domain" folder in "Domain" target */,
			);
			path = Domain;
			sourceTree = "<group>";
		};
		301C95B32E818653008E3F16 /* DomainTests */ = {
			isa = PBXFileSystemSynchronizedRootGroup;
			path = DomainTests;
			sourceTree = "<group>";
		};
		30438AD12E7990AF00F3C852 /* TrackChartiOSTests */ = {
			isa = PBXFileSystemSynchronizedRootGroup;
			path = TrackChartiOSTests;
			sourceTree = "<group>";
		};
		3049D7D12E957FB000BEECA3 /* Presentation */ = {
			isa = PBXFileSystemSynchronizedRootGroup;
			exceptions = (
				3049D7DF2E957FB000BEECA3 /* Exceptions for "Presentation" folder in "Presentation" target */,
			);
			path = Presentation;
			sourceTree = "<group>";
		};
		3049D7DB2E957FB000BEECA3 /* PresentationTests */ = {
			isa = PBXFileSystemSynchronizedRootGroup;
			path = PresentationTests;
			sourceTree = "<group>";
		};
		3050055E2E79B95900DEF76D /* Persistence */ = {
			isa = PBXFileSystemSynchronizedRootGroup;
			exceptions = (
				3050056C2E79B95A00DEF76D /* Exceptions for "Persistence" folder in "Persistence" target */,
			);
			path = Persistence;
			sourceTree = "<group>";
		};
		305005682E79B95A00DEF76D /* PersistenceTests */ = {
			isa = PBXFileSystemSynchronizedRootGroup;
			path = PersistenceTests;
			sourceTree = "<group>";
		};
		30BDE0762E7854E000199C93 /* TrackChartiOS */ = {
			isa = PBXFileSystemSynchronizedRootGroup;
			path = TrackChartiOS;
			sourceTree = "<group>";
		};
/* End PBXFileSystemSynchronizedRootGroup section */

/* Begin PBXFrameworksBuildPhase section */
		301C95A52E818652008E3F16 /* Frameworks */ = {
			isa = PBXFrameworksBuildPhase;
			buildActionMask = 2147483647;
			files = (
			);
			runOnlyForDeploymentPostprocessing = 0;
		};
		301C95AC2E818653008E3F16 /* Frameworks */ = {
			isa = PBXFrameworksBuildPhase;
			buildActionMask = 2147483647;
			files = (
				301C95B02E818653008E3F16 /* Domain.framework in Frameworks */,
			);
			runOnlyForDeploymentPostprocessing = 0;
		};
		30438ACD2E7990AF00F3C852 /* Frameworks */ = {
			isa = PBXFrameworksBuildPhase;
			buildActionMask = 2147483647;
			files = (
			);
			runOnlyForDeploymentPostprocessing = 0;
		};
		3049D7CD2E957FB000BEECA3 /* Frameworks */ = {
			isa = PBXFrameworksBuildPhase;
			buildActionMask = 2147483647;
			files = (
				30C88B2F2E9581E000224777 /* Domain.framework in Frameworks */,
			);
			runOnlyForDeploymentPostprocessing = 0;
		};
		3049D7D42E957FB000BEECA3 /* Frameworks */ = {
			isa = PBXFrameworksBuildPhase;
			buildActionMask = 2147483647;
			files = (
				3049D7D82E957FB000BEECA3 /* Presentation.framework in Frameworks */,
			);
			runOnlyForDeploymentPostprocessing = 0;
		};
		3050055A2E79B95900DEF76D /* Frameworks */ = {
			isa = PBXFrameworksBuildPhase;
			buildActionMask = 2147483647;
			files = (
				301C95D92E831A98008E3F16 /* Domain.framework in Frameworks */,
			);
			runOnlyForDeploymentPostprocessing = 0;
		};
		305005612E79B95A00DEF76D /* Frameworks */ = {
			isa = PBXFrameworksBuildPhase;
			buildActionMask = 2147483647;
			files = (
				305005652E79B95A00DEF76D /* Persistence.framework in Frameworks */,
			);
			runOnlyForDeploymentPostprocessing = 0;
		};
		30BDE0712E7854E000199C93 /* Frameworks */ = {
			isa = PBXFrameworksBuildPhase;
			buildActionMask = 2147483647;
			files = (
				301C95CB2E8187EF008E3F16 /* Domain.framework in Frameworks */,
				305005882E7A152000DEF76D /* Persistence.framework in Frameworks */,
				3049D7ED2E9580A600BEECA3 /* Presentation.framework in Frameworks */,
			);
			runOnlyForDeploymentPostprocessing = 0;
		};
/* End PBXFrameworksBuildPhase section */

/* Begin PBXGroup section */
		305005872E7A152000DEF76D /* Frameworks */ = {
			isa = PBXGroup;
			children = (
			);
			name = Frameworks;
			sourceTree = "<group>";
		};
		30BDE06B2E7854DF00199C93 = {
			isa = PBXGroup;
			children = (
				30C88B3A2E98863800224777 /* CI_macOS_Frameworks.xctestplan */,
				30C88B3B2E9887E000224777 /* CI_iOS_App.xctestplan */,
				30BDE0762E7854E000199C93 /* TrackChartiOS */,
				30438AD12E7990AF00F3C852 /* TrackChartiOSTests */,
				3050055E2E79B95900DEF76D /* Persistence */,
				305005682E79B95A00DEF76D /* PersistenceTests */,
				301C95A92E818652008E3F16 /* Domain */,
				301C95B32E818653008E3F16 /* DomainTests */,
				3049D7D12E957FB000BEECA3 /* Presentation */,
				3049D7DB2E957FB000BEECA3 /* PresentationTests */,
				305005872E7A152000DEF76D /* Frameworks */,
				30BDE0752E7854E000199C93 /* Products */,
			);
			sourceTree = "<group>";
		};
		30BDE0752E7854E000199C93 /* Products */ = {
			isa = PBXGroup;
			children = (
				30BDE0742E7854E000199C93 /* TrackChartiOS.app */,
				30438AD02E7990AF00F3C852 /* TrackChartiOSTests.xctest */,
				3050055D2E79B95900DEF76D /* Persistence.framework */,
				305005642E79B95A00DEF76D /* PersistenceTests.xctest */,
				301C95A82E818652008E3F16 /* Domain.framework */,
				301C95AF2E818653008E3F16 /* DomainTests.xctest */,
				3049D7D02E957FB000BEECA3 /* Presentation.framework */,
				3049D7D72E957FB000BEECA3 /* PresentationTests.xctest */,
			);
			name = Products;
			sourceTree = "<group>";
		};
/* End PBXGroup section */

/* Begin PBXHeadersBuildPhase section */
		301C95A32E818652008E3F16 /* Headers */ = {
			isa = PBXHeadersBuildPhase;
			buildActionMask = 2147483647;
			files = (
			);
			runOnlyForDeploymentPostprocessing = 0;
		};
		3049D7CB2E957FB000BEECA3 /* Headers */ = {
			isa = PBXHeadersBuildPhase;
			buildActionMask = 2147483647;
			files = (
			);
			runOnlyForDeploymentPostprocessing = 0;
		};
		305005582E79B95900DEF76D /* Headers */ = {
			isa = PBXHeadersBuildPhase;
			buildActionMask = 2147483647;
			files = (
			);
			runOnlyForDeploymentPostprocessing = 0;
		};
/* End PBXHeadersBuildPhase section */

/* Begin PBXNativeTarget section */
		301C95A72E818652008E3F16 /* Domain */ = {
			isa = PBXNativeTarget;
			buildConfigurationList = 301C95B82E818653008E3F16 /* Build configuration list for PBXNativeTarget "Domain" */;
			buildPhases = (
				301C95A32E818652008E3F16 /* Headers */,
				301C95A42E818652008E3F16 /* Sources */,
				301C95A52E818652008E3F16 /* Frameworks */,
				301C95A62E818652008E3F16 /* Resources */,
			);
			buildRules = (
			);
			dependencies = (
			);
			fileSystemSynchronizedGroups = (
				301C95A92E818652008E3F16 /* Domain */,
			);
			name = Domain;
			packageProductDependencies = (
			);
			productName = Domain;
			productReference = 301C95A82E818652008E3F16 /* Domain.framework */;
			productType = "com.apple.product-type.framework";
		};
		301C95AE2E818653008E3F16 /* DomainTests */ = {
			isa = PBXNativeTarget;
			buildConfigurationList = 301C95BB2E818653008E3F16 /* Build configuration list for PBXNativeTarget "DomainTests" */;
			buildPhases = (
				301C95AB2E818653008E3F16 /* Sources */,
				301C95AC2E818653008E3F16 /* Frameworks */,
				301C95AD2E818653008E3F16 /* Resources */,
			);
			buildRules = (
			);
			dependencies = (
				301C95B22E818653008E3F16 /* PBXTargetDependency */,
			);
			fileSystemSynchronizedGroups = (
				301C95B32E818653008E3F16 /* DomainTests */,
			);
			name = DomainTests;
			packageProductDependencies = (
			);
			productName = DomainTests;
			productReference = 301C95AF2E818653008E3F16 /* DomainTests.xctest */;
			productType = "com.apple.product-type.bundle.unit-test";
		};
		30438ACF2E7990AF00F3C852 /* TrackChartiOSTests */ = {
			isa = PBXNativeTarget;
			buildConfigurationList = 30438AD82E7990AF00F3C852 /* Build configuration list for PBXNativeTarget "TrackChartiOSTests" */;
			buildPhases = (
				30438ACC2E7990AF00F3C852 /* Sources */,
				30438ACD2E7990AF00F3C852 /* Frameworks */,
				30438ACE2E7990AF00F3C852 /* Resources */,
			);
			buildRules = (
			);
			dependencies = (
				30438AD52E7990AF00F3C852 /* PBXTargetDependency */,
			);
			fileSystemSynchronizedGroups = (
				30438AD12E7990AF00F3C852 /* TrackChartiOSTests */,
			);
			name = TrackChartiOSTests;
			packageProductDependencies = (
			);
			productName = TrackChartTests;
			productReference = 30438AD02E7990AF00F3C852 /* TrackChartiOSTests.xctest */;
			productType = "com.apple.product-type.bundle.unit-test";
		};
		3049D7CF2E957FB000BEECA3 /* Presentation */ = {
			isa = PBXNativeTarget;
			buildConfigurationList = 3049D7E02E957FB000BEECA3 /* Build configuration list for PBXNativeTarget "Presentation" */;
			buildPhases = (
				3049D7CB2E957FB000BEECA3 /* Headers */,
				3049D7CC2E957FB000BEECA3 /* Sources */,
				3049D7CD2E957FB000BEECA3 /* Frameworks */,
				3049D7CE2E957FB000BEECA3 /* Resources */,
				30C88B332E9581E000224777 /* Embed Frameworks */,
			);
			buildRules = (
			);
			dependencies = (
				30C88B322E9581E000224777 /* PBXTargetDependency */,
			);
			fileSystemSynchronizedGroups = (
				3049D7D12E957FB000BEECA3 /* Presentation */,
			);
			name = Presentation;
			packageProductDependencies = (
			);
			productName = Presentation;
			productReference = 3049D7D02E957FB000BEECA3 /* Presentation.framework */;
			productType = "com.apple.product-type.framework";
		};
		3049D7D62E957FB000BEECA3 /* PresentationTests */ = {
			isa = PBXNativeTarget;
			buildConfigurationList = 3049D7E32E957FB000BEECA3 /* Build configuration list for PBXNativeTarget "PresentationTests" */;
			buildPhases = (
				3049D7D32E957FB000BEECA3 /* Sources */,
				3049D7D42E957FB000BEECA3 /* Frameworks */,
				3049D7D52E957FB000BEECA3 /* Resources */,
			);
			buildRules = (
			);
			dependencies = (
				3049D7DA2E957FB000BEECA3 /* PBXTargetDependency */,
			);
			fileSystemSynchronizedGroups = (
				3049D7DB2E957FB000BEECA3 /* PresentationTests */,
			);
			name = PresentationTests;
			packageProductDependencies = (
			);
			productName = PresentationTests;
			productReference = 3049D7D72E957FB000BEECA3 /* PresentationTests.xctest */;
			productType = "com.apple.product-type.bundle.unit-test";
		};
		3050055C2E79B95900DEF76D /* Persistence */ = {
			isa = PBXNativeTarget;
			buildConfigurationList = 3050056D2E79B95A00DEF76D /* Build configuration list for PBXNativeTarget "Persistence" */;
			buildPhases = (
				305005582E79B95900DEF76D /* Headers */,
				305005592E79B95900DEF76D /* Sources */,
				3050055A2E79B95900DEF76D /* Frameworks */,
				3050055B2E79B95900DEF76D /* Resources */,
				301C95DD2E831A98008E3F16 /* Embed Frameworks */,
			);
			buildRules = (
			);
			dependencies = (
				301C95DC2E831A98008E3F16 /* PBXTargetDependency */,
			);
			fileSystemSynchronizedGroups = (
				3050055E2E79B95900DEF76D /* Persistence */,
			);
			name = Persistence;
			packageProductDependencies = (
			);
			productName = Store;
			productReference = 3050055D2E79B95900DEF76D /* Persistence.framework */;
			productType = "com.apple.product-type.framework";
		};
		305005632E79B95A00DEF76D /* PersistenceTests */ = {
			isa = PBXNativeTarget;
			buildConfigurationList = 305005702E79B95A00DEF76D /* Build configuration list for PBXNativeTarget "PersistenceTests" */;
			buildPhases = (
				305005602E79B95A00DEF76D /* Sources */,
				305005612E79B95A00DEF76D /* Frameworks */,
				305005622E79B95A00DEF76D /* Resources */,
			);
			buildRules = (
			);
			dependencies = (
				305005672E79B95A00DEF76D /* PBXTargetDependency */,
			);
			fileSystemSynchronizedGroups = (
				305005682E79B95A00DEF76D /* PersistenceTests */,
			);
			name = PersistenceTests;
			packageProductDependencies = (
			);
			productName = StoreTests;
			productReference = 305005642E79B95A00DEF76D /* PersistenceTests.xctest */;
			productType = "com.apple.product-type.bundle.unit-test";
		};
		30BDE0732E7854E000199C93 /* TrackChartiOS */ = {
			isa = PBXNativeTarget;
			buildConfigurationList = 30BDE0822E7854E200199C93 /* Build configuration list for PBXNativeTarget "TrackChartiOS" */;
			buildPhases = (
				30BDE0702E7854E000199C93 /* Sources */,
				30BDE0712E7854E000199C93 /* Frameworks */,
				30BDE0722E7854E000199C93 /* Resources */,
				3050058C2E7A152000DEF76D /* Embed Frameworks */,
			);
			buildRules = (
			);
			dependencies = (
				3050058B2E7A152000DEF76D /* PBXTargetDependency */,
				301C95CE2E8187EF008E3F16 /* PBXTargetDependency */,
				3049D7F02E9580A600BEECA3 /* PBXTargetDependency */,
			);
			fileSystemSynchronizedGroups = (
				30BDE0762E7854E000199C93 /* TrackChartiOS */,
			);
			name = TrackChartiOS;
			packageProductDependencies = (
			);
			productName = TrackChart;
			productReference = 30BDE0742E7854E000199C93 /* TrackChartiOS.app */;
			productType = "com.apple.product-type.application";
		};
/* End PBXNativeTarget section */

/* Begin PBXProject section */
		30BDE06C2E7854DF00199C93 /* Project object */ = {
			isa = PBXProject;
			attributes = {
				BuildIndependentTargetsInParallel = 1;
				LastSwiftUpdateCheck = 1610;
				LastUpgradeCheck = 1610;
				TargetAttributes = {
					301C95A72E818652008E3F16 = {
						CreatedOnToolsVersion = 16.1;
					};
					301C95AE2E818653008E3F16 = {
						CreatedOnToolsVersion = 16.1;
					};
					30438ACF2E7990AF00F3C852 = {
						CreatedOnToolsVersion = 16.1;
						TestTargetID = 30BDE0732E7854E000199C93;
					};
					3049D7CF2E957FB000BEECA3 = {
						CreatedOnToolsVersion = 16.1;
					};
					3049D7D62E957FB000BEECA3 = {
						CreatedOnToolsVersion = 16.1;
					};
					3050055C2E79B95900DEF76D = {
						CreatedOnToolsVersion = 16.1;
						LastSwiftMigration = 1610;
					};
					305005632E79B95A00DEF76D = {
						CreatedOnToolsVersion = 16.1;
					};
					30BDE0732E7854E000199C93 = {
						CreatedOnToolsVersion = 16.1;
					};
				};
			};
			buildConfigurationList = 30BDE06F2E7854DF00199C93 /* Build configuration list for PBXProject "TrackChart" */;
			developmentRegion = en;
			hasScannedForEncodings = 0;
			knownRegions = (
				en,
				Base,
			);
			mainGroup = 30BDE06B2E7854DF00199C93;
			minimizedProjectReferenceProxies = 1;
			preferredProjectObjectVersion = 77;
			productRefGroup = 30BDE0752E7854E000199C93 /* Products */;
			projectDirPath = "";
			projectRoot = "";
			targets = (
				30BDE0732E7854E000199C93 /* TrackChartiOS */,
				30438ACF2E7990AF00F3C852 /* TrackChartiOSTests */,
				3050055C2E79B95900DEF76D /* Persistence */,
				305005632E79B95A00DEF76D /* PersistenceTests */,
				301C95A72E818652008E3F16 /* Domain */,
				301C95AE2E818653008E3F16 /* DomainTests */,
				3049D7CF2E957FB000BEECA3 /* Presentation */,
				3049D7D62E957FB000BEECA3 /* PresentationTests */,
			);
		};
/* End PBXProject section */

/* Begin PBXResourcesBuildPhase section */
		301C95A62E818652008E3F16 /* Resources */ = {
			isa = PBXResourcesBuildPhase;
			buildActionMask = 2147483647;
			files = (
			);
			runOnlyForDeploymentPostprocessing = 0;
		};
		301C95AD2E818653008E3F16 /* Resources */ = {
			isa = PBXResourcesBuildPhase;
			buildActionMask = 2147483647;
			files = (
			);
			runOnlyForDeploymentPostprocessing = 0;
		};
		30438ACE2E7990AF00F3C852 /* Resources */ = {
			isa = PBXResourcesBuildPhase;
			buildActionMask = 2147483647;
			files = (
			);
			runOnlyForDeploymentPostprocessing = 0;
		};
		3049D7CE2E957FB000BEECA3 /* Resources */ = {
			isa = PBXResourcesBuildPhase;
			buildActionMask = 2147483647;
			files = (
			);
			runOnlyForDeploymentPostprocessing = 0;
		};
		3049D7D52E957FB000BEECA3 /* Resources */ = {
			isa = PBXResourcesBuildPhase;
			buildActionMask = 2147483647;
			files = (
			);
			runOnlyForDeploymentPostprocessing = 0;
		};
		3050055B2E79B95900DEF76D /* Resources */ = {
			isa = PBXResourcesBuildPhase;
			buildActionMask = 2147483647;
			files = (
			);
			runOnlyForDeploymentPostprocessing = 0;
		};
		305005622E79B95A00DEF76D /* Resources */ = {
			isa = PBXResourcesBuildPhase;
			buildActionMask = 2147483647;
			files = (
			);
			runOnlyForDeploymentPostprocessing = 0;
		};
		30BDE0722E7854E000199C93 /* Resources */ = {
			isa = PBXResourcesBuildPhase;
			buildActionMask = 2147483647;
			files = (
			);
			runOnlyForDeploymentPostprocessing = 0;
		};
/* End PBXResourcesBuildPhase section */

/* Begin PBXSourcesBuildPhase section */
		301C95A42E818652008E3F16 /* Sources */ = {
			isa = PBXSourcesBuildPhase;
			buildActionMask = 2147483647;
			files = (
			);
			runOnlyForDeploymentPostprocessing = 0;
		};
		301C95AB2E818653008E3F16 /* Sources */ = {
			isa = PBXSourcesBuildPhase;
			buildActionMask = 2147483647;
			files = (
			);
			runOnlyForDeploymentPostprocessing = 0;
		};
		30438ACC2E7990AF00F3C852 /* Sources */ = {
			isa = PBXSourcesBuildPhase;
			buildActionMask = 2147483647;
			files = (
			);
			runOnlyForDeploymentPostprocessing = 0;
		};
		3049D7CC2E957FB000BEECA3 /* Sources */ = {
			isa = PBXSourcesBuildPhase;
			buildActionMask = 2147483647;
			files = (
			);
			runOnlyForDeploymentPostprocessing = 0;
		};
		3049D7D32E957FB000BEECA3 /* Sources */ = {
			isa = PBXSourcesBuildPhase;
			buildActionMask = 2147483647;
			files = (
			);
			runOnlyForDeploymentPostprocessing = 0;
		};
		305005592E79B95900DEF76D /* Sources */ = {
			isa = PBXSourcesBuildPhase;
			buildActionMask = 2147483647;
			files = (
			);
			runOnlyForDeploymentPostprocessing = 0;
		};
		305005602E79B95A00DEF76D /* Sources */ = {
			isa = PBXSourcesBuildPhase;
			buildActionMask = 2147483647;
			files = (
			);
			runOnlyForDeploymentPostprocessing = 0;
		};
		30BDE0702E7854E000199C93 /* Sources */ = {
			isa = PBXSourcesBuildPhase;
			buildActionMask = 2147483647;
			files = (
			);
			runOnlyForDeploymentPostprocessing = 0;
		};
/* End PBXSourcesBuildPhase section */

/* Begin PBXTargetDependency section */
		301C95B22E818653008E3F16 /* PBXTargetDependency */ = {
			isa = PBXTargetDependency;
			target = 301C95A72E818652008E3F16 /* Domain */;
			targetProxy = 301C95B12E818653008E3F16 /* PBXContainerItemProxy */;
		};
		301C95CE2E8187EF008E3F16 /* PBXTargetDependency */ = {
			isa = PBXTargetDependency;
			target = 301C95A72E818652008E3F16 /* Domain */;
			targetProxy = 301C95CD2E8187EF008E3F16 /* PBXContainerItemProxy */;
		};
		301C95DC2E831A98008E3F16 /* PBXTargetDependency */ = {
			isa = PBXTargetDependency;
			target = 301C95A72E818652008E3F16 /* Domain */;
			targetProxy = 301C95DB2E831A98008E3F16 /* PBXContainerItemProxy */;
		};
		30438AD52E7990AF00F3C852 /* PBXTargetDependency */ = {
			isa = PBXTargetDependency;
			target = 30BDE0732E7854E000199C93 /* TrackChartiOS */;
			targetProxy = 30438AD42E7990AF00F3C852 /* PBXContainerItemProxy */;
		};
		3049D7DA2E957FB000BEECA3 /* PBXTargetDependency */ = {
			isa = PBXTargetDependency;
			target = 3049D7CF2E957FB000BEECA3 /* Presentation */;
			targetProxy = 3049D7D92E957FB000BEECA3 /* PBXContainerItemProxy */;
		};
		3049D7F02E9580A600BEECA3 /* PBXTargetDependency */ = {
			isa = PBXTargetDependency;
			target = 3049D7CF2E957FB000BEECA3 /* Presentation */;
			targetProxy = 3049D7EF2E9580A600BEECA3 /* PBXContainerItemProxy */;
		};
		305005672E79B95A00DEF76D /* PBXTargetDependency */ = {
			isa = PBXTargetDependency;
			target = 3050055C2E79B95900DEF76D /* Persistence */;
			targetProxy = 305005662E79B95A00DEF76D /* PBXContainerItemProxy */;
		};
		3050058B2E7A152000DEF76D /* PBXTargetDependency */ = {
			isa = PBXTargetDependency;
			target = 3050055C2E79B95900DEF76D /* Persistence */;
			targetProxy = 3050058A2E7A152000DEF76D /* PBXContainerItemProxy */;
		};
		30C88B322E9581E000224777 /* PBXTargetDependency */ = {
			isa = PBXTargetDependency;
			target = 301C95A72E818652008E3F16 /* Domain */;
			targetProxy = 30C88B312E9581E000224777 /* PBXContainerItemProxy */;
		};
/* End PBXTargetDependency section */

/* Begin XCBuildConfiguration section */
		301C95B92E818653008E3F16 /* Debug */ = {
			isa = XCBuildConfiguration;
			buildSettings = {
				BUILD_LIBRARY_FOR_DISTRIBUTION = YES;
				CODE_SIGN_STYLE = Automatic;
				COMBINE_HIDPI_IMAGES = YES;
				CURRENT_PROJECT_VERSION = 1;
				DEFINES_MODULE = YES;
				DEVELOPMENT_TEAM = 9SPL76B3GR;
				DYLIB_COMPATIBILITY_VERSION = 1;
				DYLIB_CURRENT_VERSION = 1;
				DYLIB_INSTALL_NAME_BASE = "@rpath";
				ENABLE_MODULE_VERIFIER = YES;
				GENERATE_INFOPLIST_FILE = YES;
				INFOPLIST_KEY_NSHumanReadableCopyright = "";
				INSTALL_PATH = "$(LOCAL_LIBRARY_DIR)/Frameworks";
				LD_RUNPATH_SEARCH_PATHS = (
					"$(inherited)",
					"@executable_path/../Frameworks",
					"@loader_path/Frameworks",
				);
				MACOSX_DEPLOYMENT_TARGET = 14.7;
				MARKETING_VERSION = 1.0;
				MODULE_VERIFIER_SUPPORTED_LANGUAGES = "objective-c objective-c++";
				MODULE_VERIFIER_SUPPORTED_LANGUAGE_STANDARDS = "gnu17 gnu++20";
				PRODUCT_BUNDLE_IDENTIFIER = com.lewisbar.Domain;
				PRODUCT_NAME = "$(TARGET_NAME:c99extidentifier)";
				SDKROOT = macosx;
				SKIP_INSTALL = YES;
				SUPPORTED_PLATFORMS = "macosx iphonesimulator iphoneos";
				SWIFT_EMIT_LOC_STRINGS = YES;
				SWIFT_INSTALL_OBJC_HEADER = NO;
				SWIFT_VERSION = 5.0;
				VERSIONING_SYSTEM = "apple-generic";
				VERSION_INFO_PREFIX = "";
			};
			name = Debug;
		};
		301C95BA2E818653008E3F16 /* Release */ = {
			isa = XCBuildConfiguration;
			buildSettings = {
				BUILD_LIBRARY_FOR_DISTRIBUTION = YES;
				CODE_SIGN_STYLE = Automatic;
				COMBINE_HIDPI_IMAGES = YES;
				CURRENT_PROJECT_VERSION = 1;
				DEFINES_MODULE = YES;
				DEVELOPMENT_TEAM = 9SPL76B3GR;
				DYLIB_COMPATIBILITY_VERSION = 1;
				DYLIB_CURRENT_VERSION = 1;
				DYLIB_INSTALL_NAME_BASE = "@rpath";
				ENABLE_MODULE_VERIFIER = YES;
				GENERATE_INFOPLIST_FILE = YES;
				INFOPLIST_KEY_NSHumanReadableCopyright = "";
				INSTALL_PATH = "$(LOCAL_LIBRARY_DIR)/Frameworks";
				LD_RUNPATH_SEARCH_PATHS = (
					"$(inherited)",
					"@executable_path/../Frameworks",
					"@loader_path/Frameworks",
				);
				MACOSX_DEPLOYMENT_TARGET = 14.7;
				MARKETING_VERSION = 1.0;
				MODULE_VERIFIER_SUPPORTED_LANGUAGES = "objective-c objective-c++";
				MODULE_VERIFIER_SUPPORTED_LANGUAGE_STANDARDS = "gnu17 gnu++20";
				PRODUCT_BUNDLE_IDENTIFIER = com.lewisbar.Domain;
				PRODUCT_NAME = "$(TARGET_NAME:c99extidentifier)";
				SDKROOT = macosx;
				SKIP_INSTALL = YES;
				SUPPORTED_PLATFORMS = "macosx iphonesimulator iphoneos";
				SWIFT_EMIT_LOC_STRINGS = YES;
				SWIFT_INSTALL_OBJC_HEADER = NO;
				SWIFT_VERSION = 5.0;
				VERSIONING_SYSTEM = "apple-generic";
				VERSION_INFO_PREFIX = "";
			};
			name = Release;
		};
		301C95BC2E818653008E3F16 /* Debug */ = {
			isa = XCBuildConfiguration;
			buildSettings = {
				CODE_SIGN_STYLE = Automatic;
				CURRENT_PROJECT_VERSION = 1;
				DEVELOPMENT_TEAM = 9SPL76B3GR;
				GENERATE_INFOPLIST_FILE = YES;
				MACOSX_DEPLOYMENT_TARGET = 14.7;
				MARKETING_VERSION = 1.0;
				PRODUCT_BUNDLE_IDENTIFIER = com.lewisbar.DomainTests;
				PRODUCT_NAME = "$(TARGET_NAME)";
				SDKROOT = macosx;
				SWIFT_EMIT_LOC_STRINGS = NO;
				SWIFT_VERSION = 5.0;
			};
			name = Debug;
		};
		301C95BD2E818653008E3F16 /* Release */ = {
			isa = XCBuildConfiguration;
			buildSettings = {
				CODE_SIGN_STYLE = Automatic;
				CURRENT_PROJECT_VERSION = 1;
				DEVELOPMENT_TEAM = 9SPL76B3GR;
				GENERATE_INFOPLIST_FILE = YES;
				MACOSX_DEPLOYMENT_TARGET = 14.7;
				MARKETING_VERSION = 1.0;
				PRODUCT_BUNDLE_IDENTIFIER = com.lewisbar.DomainTests;
				PRODUCT_NAME = "$(TARGET_NAME)";
				SDKROOT = macosx;
				SWIFT_EMIT_LOC_STRINGS = NO;
				SWIFT_VERSION = 5.0;
			};
			name = Release;
		};
		30438AD62E7990AF00F3C852 /* Debug */ = {
			isa = XCBuildConfiguration;
			buildSettings = {
				BUNDLE_LOADER = "$(TEST_HOST)";
				CODE_SIGN_STYLE = Automatic;
				CURRENT_PROJECT_VERSION = 1;
				DEVELOPMENT_TEAM = 9SPL76B3GR;
				GENERATE_INFOPLIST_FILE = YES;
				MARKETING_VERSION = 1.0;
				PRODUCT_BUNDLE_IDENTIFIER = com.lewisbar.TrackChartTests;
				PRODUCT_NAME = "$(TARGET_NAME)";
				SWIFT_EMIT_LOC_STRINGS = NO;
				SWIFT_VERSION = 5.0;
				TARGETED_DEVICE_FAMILY = "1,2";
				TEST_HOST = "$(BUILT_PRODUCTS_DIR)/TrackChartiOS.app/$(BUNDLE_EXECUTABLE_FOLDER_PATH)/TrackChartiOS";
			};
			name = Debug;
		};
		30438AD72E7990AF00F3C852 /* Release */ = {
			isa = XCBuildConfiguration;
			buildSettings = {
				BUNDLE_LOADER = "$(TEST_HOST)";
				CODE_SIGN_STYLE = Automatic;
				CURRENT_PROJECT_VERSION = 1;
				DEVELOPMENT_TEAM = 9SPL76B3GR;
				GENERATE_INFOPLIST_FILE = YES;
				MARKETING_VERSION = 1.0;
				PRODUCT_BUNDLE_IDENTIFIER = com.lewisbar.TrackChartTests;
				PRODUCT_NAME = "$(TARGET_NAME)";
				SWIFT_EMIT_LOC_STRINGS = NO;
				SWIFT_VERSION = 5.0;
				TARGETED_DEVICE_FAMILY = "1,2";
				TEST_HOST = "$(BUILT_PRODUCTS_DIR)/TrackChartiOS.app/$(BUNDLE_EXECUTABLE_FOLDER_PATH)/TrackChartiOS";
			};
			name = Release;
		};
		3049D7E12E957FB000BEECA3 /* Debug */ = {
			isa = XCBuildConfiguration;
			buildSettings = {
				BUILD_LIBRARY_FOR_DISTRIBUTION = YES;
				CODE_SIGN_STYLE = Automatic;
				COMBINE_HIDPI_IMAGES = YES;
				CURRENT_PROJECT_VERSION = 1;
				DEFINES_MODULE = YES;
				DEVELOPMENT_TEAM = 9SPL76B3GR;
				DYLIB_COMPATIBILITY_VERSION = 1;
				DYLIB_CURRENT_VERSION = 1;
				DYLIB_INSTALL_NAME_BASE = "@rpath";
				ENABLE_MODULE_VERIFIER = YES;
				GENERATE_INFOPLIST_FILE = YES;
				INFOPLIST_KEY_NSHumanReadableCopyright = "";
				INSTALL_PATH = "$(LOCAL_LIBRARY_DIR)/Frameworks";
				LD_RUNPATH_SEARCH_PATHS = (
					"$(inherited)",
					"@executable_path/../Frameworks",
					"@loader_path/Frameworks",
				);
				MACOSX_DEPLOYMENT_TARGET = 14.7;
				MARKETING_VERSION = 1.0;
				MODULE_VERIFIER_SUPPORTED_LANGUAGES = "objective-c objective-c++";
				MODULE_VERIFIER_SUPPORTED_LANGUAGE_STANDARDS = "gnu17 gnu++20";
				PRODUCT_BUNDLE_IDENTIFIER = com.lewisbar.Presentation;
				PRODUCT_NAME = "$(TARGET_NAME:c99extidentifier)";
				SDKROOT = macosx;
				SKIP_INSTALL = YES;
				SUPPORTED_PLATFORMS = "macosx iphoneos iphonesimulator";
				SWIFT_EMIT_LOC_STRINGS = YES;
				SWIFT_INSTALL_OBJC_HEADER = NO;
				SWIFT_VERSION = 5.0;
				VERSIONING_SYSTEM = "apple-generic";
				VERSION_INFO_PREFIX = "";
			};
			name = Debug;
		};
		3049D7E22E957FB000BEECA3 /* Release */ = {
			isa = XCBuildConfiguration;
			buildSettings = {
				BUILD_LIBRARY_FOR_DISTRIBUTION = YES;
				CODE_SIGN_STYLE = Automatic;
				COMBINE_HIDPI_IMAGES = YES;
				CURRENT_PROJECT_VERSION = 1;
				DEFINES_MODULE = YES;
				DEVELOPMENT_TEAM = 9SPL76B3GR;
				DYLIB_COMPATIBILITY_VERSION = 1;
				DYLIB_CURRENT_VERSION = 1;
				DYLIB_INSTALL_NAME_BASE = "@rpath";
				ENABLE_MODULE_VERIFIER = YES;
				GENERATE_INFOPLIST_FILE = YES;
				INFOPLIST_KEY_NSHumanReadableCopyright = "";
				INSTALL_PATH = "$(LOCAL_LIBRARY_DIR)/Frameworks";
				LD_RUNPATH_SEARCH_PATHS = (
					"$(inherited)",
					"@executable_path/../Frameworks",
					"@loader_path/Frameworks",
				);
				MACOSX_DEPLOYMENT_TARGET = 14.7;
				MARKETING_VERSION = 1.0;
				MODULE_VERIFIER_SUPPORTED_LANGUAGES = "objective-c objective-c++";
				MODULE_VERIFIER_SUPPORTED_LANGUAGE_STANDARDS = "gnu17 gnu++20";
				PRODUCT_BUNDLE_IDENTIFIER = com.lewisbar.Presentation;
				PRODUCT_NAME = "$(TARGET_NAME:c99extidentifier)";
				SDKROOT = macosx;
				SKIP_INSTALL = YES;
				SUPPORTED_PLATFORMS = "macosx iphoneos iphonesimulator";
				SWIFT_EMIT_LOC_STRINGS = YES;
				SWIFT_INSTALL_OBJC_HEADER = NO;
				SWIFT_VERSION = 5.0;
				VERSIONING_SYSTEM = "apple-generic";
				VERSION_INFO_PREFIX = "";
			};
			name = Release;
		};
		3049D7E42E957FB000BEECA3 /* Debug */ = {
			isa = XCBuildConfiguration;
			buildSettings = {
				CODE_SIGN_STYLE = Automatic;
				CURRENT_PROJECT_VERSION = 1;
				DEVELOPMENT_TEAM = 9SPL76B3GR;
				GENERATE_INFOPLIST_FILE = YES;
				MACOSX_DEPLOYMENT_TARGET = 14.7;
				MARKETING_VERSION = 1.0;
				PRODUCT_BUNDLE_IDENTIFIER = com.lewisbar.PresentationTests;
				PRODUCT_NAME = "$(TARGET_NAME)";
				SDKROOT = macosx;
				SWIFT_EMIT_LOC_STRINGS = NO;
				SWIFT_VERSION = 5.0;
			};
			name = Debug;
		};
		3049D7E52E957FB000BEECA3 /* Release */ = {
			isa = XCBuildConfiguration;
			buildSettings = {
				CODE_SIGN_STYLE = Automatic;
				CURRENT_PROJECT_VERSION = 1;
				DEVELOPMENT_TEAM = 9SPL76B3GR;
				GENERATE_INFOPLIST_FILE = YES;
				MACOSX_DEPLOYMENT_TARGET = 14.7;
				MARKETING_VERSION = 1.0;
				PRODUCT_BUNDLE_IDENTIFIER = com.lewisbar.PresentationTests;
				PRODUCT_NAME = "$(TARGET_NAME)";
				SDKROOT = macosx;
				SWIFT_EMIT_LOC_STRINGS = NO;
				SWIFT_VERSION = 5.0;
			};
			name = Release;
		};
		3050056E2E79B95A00DEF76D /* Debug */ = {
			isa = XCBuildConfiguration;
			buildSettings = {
				BUILD_LIBRARY_FOR_DISTRIBUTION = YES;
				CLANG_ENABLE_MODULES = YES;
				CODE_SIGN_STYLE = Automatic;
				COMBINE_HIDPI_IMAGES = YES;
				CURRENT_PROJECT_VERSION = 1;
				DEFINES_MODULE = YES;
				DEVELOPMENT_TEAM = 9SPL76B3GR;
				DYLIB_COMPATIBILITY_VERSION = 1;
				DYLIB_CURRENT_VERSION = 1;
				DYLIB_INSTALL_NAME_BASE = "@rpath";
				ENABLE_MODULE_VERIFIER = YES;
				GENERATE_INFOPLIST_FILE = YES;
				INFOPLIST_KEY_NSHumanReadableCopyright = "";
				INSTALL_PATH = "$(LOCAL_LIBRARY_DIR)/Frameworks";
				LD_RUNPATH_SEARCH_PATHS = (
					"$(inherited)",
					"@executable_path/../Frameworks",
					"@loader_path/Frameworks",
				);
				MACOSX_DEPLOYMENT_TARGET = 14.7;
				MARKETING_VERSION = 1.0;
				MODULE_VERIFIER_SUPPORTED_LANGUAGES = "objective-c objective-c++";
				MODULE_VERIFIER_SUPPORTED_LANGUAGE_STANDARDS = "gnu17 gnu++20";
				PRODUCT_BUNDLE_IDENTIFIER = com.lewisbar.Store;
				PRODUCT_NAME = "$(TARGET_NAME:c99extidentifier)";
				SDKROOT = macosx;
				SKIP_INSTALL = YES;
				SUPPORTED_PLATFORMS = "macosx iphonesimulator iphoneos";
				SWIFT_EMIT_LOC_STRINGS = YES;
				SWIFT_INSTALL_OBJC_HEADER = NO;
				SWIFT_OPTIMIZATION_LEVEL = "-Onone";
				SWIFT_VERSION = 5.0;
				VERSIONING_SYSTEM = "apple-generic";
				VERSION_INFO_PREFIX = "";
			};
			name = Debug;
		};
		3050056F2E79B95A00DEF76D /* Release */ = {
			isa = XCBuildConfiguration;
			buildSettings = {
				BUILD_LIBRARY_FOR_DISTRIBUTION = YES;
				CLANG_ENABLE_MODULES = YES;
				CODE_SIGN_STYLE = Automatic;
				COMBINE_HIDPI_IMAGES = YES;
				CURRENT_PROJECT_VERSION = 1;
				DEFINES_MODULE = YES;
				DEVELOPMENT_TEAM = 9SPL76B3GR;
				DYLIB_COMPATIBILITY_VERSION = 1;
				DYLIB_CURRENT_VERSION = 1;
				DYLIB_INSTALL_NAME_BASE = "@rpath";
				ENABLE_MODULE_VERIFIER = YES;
				GENERATE_INFOPLIST_FILE = YES;
				INFOPLIST_KEY_NSHumanReadableCopyright = "";
				INSTALL_PATH = "$(LOCAL_LIBRARY_DIR)/Frameworks";
				LD_RUNPATH_SEARCH_PATHS = (
					"$(inherited)",
					"@executable_path/../Frameworks",
					"@loader_path/Frameworks",
				);
				MACOSX_DEPLOYMENT_TARGET = 14.7;
				MARKETING_VERSION = 1.0;
				MODULE_VERIFIER_SUPPORTED_LANGUAGES = "objective-c objective-c++";
				MODULE_VERIFIER_SUPPORTED_LANGUAGE_STANDARDS = "gnu17 gnu++20";
				PRODUCT_BUNDLE_IDENTIFIER = com.lewisbar.Store;
				PRODUCT_NAME = "$(TARGET_NAME:c99extidentifier)";
				SDKROOT = macosx;
				SKIP_INSTALL = YES;
				SUPPORTED_PLATFORMS = "macosx iphonesimulator iphoneos";
				SWIFT_EMIT_LOC_STRINGS = YES;
				SWIFT_INSTALL_OBJC_HEADER = NO;
				SWIFT_VERSION = 5.0;
				VERSIONING_SYSTEM = "apple-generic";
				VERSION_INFO_PREFIX = "";
			};
			name = Release;
		};
		305005712E79B95A00DEF76D /* Debug */ = {
			isa = XCBuildConfiguration;
			buildSettings = {
				CODE_SIGN_STYLE = Automatic;
				CURRENT_PROJECT_VERSION = 1;
				DEVELOPMENT_TEAM = 9SPL76B3GR;
				GENERATE_INFOPLIST_FILE = YES;
				MACOSX_DEPLOYMENT_TARGET = 14.7;
				MARKETING_VERSION = 1.0;
				PRODUCT_BUNDLE_IDENTIFIER = com.lewisbar.StoreTests;
				PRODUCT_NAME = "$(TARGET_NAME)";
				SDKROOT = macosx;
				SWIFT_EMIT_LOC_STRINGS = NO;
				SWIFT_VERSION = 5.0;
			};
			name = Debug;
		};
		305005722E79B95A00DEF76D /* Release */ = {
			isa = XCBuildConfiguration;
			buildSettings = {
				CODE_SIGN_STYLE = Automatic;
				CURRENT_PROJECT_VERSION = 1;
				DEVELOPMENT_TEAM = 9SPL76B3GR;
				GENERATE_INFOPLIST_FILE = YES;
				MACOSX_DEPLOYMENT_TARGET = 14.7;
				MARKETING_VERSION = 1.0;
				PRODUCT_BUNDLE_IDENTIFIER = com.lewisbar.StoreTests;
				PRODUCT_NAME = "$(TARGET_NAME)";
				SDKROOT = macosx;
				SWIFT_EMIT_LOC_STRINGS = NO;
				SWIFT_VERSION = 5.0;
			};
			name = Release;
		};
		30BDE0802E7854E200199C93 /* Debug */ = {
			isa = XCBuildConfiguration;
			buildSettings = {
				ALWAYS_SEARCH_USER_PATHS = NO;
				ASSETCATALOG_COMPILER_GENERATE_SWIFT_ASSET_SYMBOL_EXTENSIONS = YES;
				CLANG_ANALYZER_NONNULL = YES;
				CLANG_ANALYZER_NUMBER_OBJECT_CONVERSION = YES_AGGRESSIVE;
				CLANG_CXX_LANGUAGE_STANDARD = "gnu++20";
				CLANG_ENABLE_MODULES = YES;
				CLANG_ENABLE_OBJC_ARC = YES;
				CLANG_ENABLE_OBJC_WEAK = YES;
				CLANG_WARN_BLOCK_CAPTURE_AUTORELEASING = YES;
				CLANG_WARN_BOOL_CONVERSION = YES;
				CLANG_WARN_COMMA = YES;
				CLANG_WARN_CONSTANT_CONVERSION = YES;
				CLANG_WARN_DEPRECATED_OBJC_IMPLEMENTATIONS = YES;
				CLANG_WARN_DIRECT_OBJC_ISA_USAGE = YES_ERROR;
				CLANG_WARN_DOCUMENTATION_COMMENTS = YES;
				CLANG_WARN_EMPTY_BODY = YES;
				CLANG_WARN_ENUM_CONVERSION = YES;
				CLANG_WARN_INFINITE_RECURSION = YES;
				CLANG_WARN_INT_CONVERSION = YES;
				CLANG_WARN_NON_LITERAL_NULL_CONVERSION = YES;
				CLANG_WARN_OBJC_IMPLICIT_RETAIN_SELF = YES;
				CLANG_WARN_OBJC_LITERAL_CONVERSION = YES;
				CLANG_WARN_OBJC_ROOT_CLASS = YES_ERROR;
				CLANG_WARN_QUOTED_INCLUDE_IN_FRAMEWORK_HEADER = YES;
				CLANG_WARN_RANGE_LOOP_ANALYSIS = YES;
				CLANG_WARN_STRICT_PROTOTYPES = YES;
				CLANG_WARN_SUSPICIOUS_MOVE = YES;
				CLANG_WARN_UNGUARDED_AVAILABILITY = YES_AGGRESSIVE;
				CLANG_WARN_UNREACHABLE_CODE = YES;
				CLANG_WARN__DUPLICATE_METHOD_MATCH = YES;
				COPY_PHASE_STRIP = NO;
				DEBUG_INFORMATION_FORMAT = dwarf;
				ENABLE_STRICT_OBJC_MSGSEND = YES;
				ENABLE_TESTABILITY = YES;
				ENABLE_USER_SCRIPT_SANDBOXING = YES;
				GCC_C_LANGUAGE_STANDARD = gnu17;
				GCC_DYNAMIC_NO_PIC = NO;
				GCC_NO_COMMON_BLOCKS = YES;
				GCC_OPTIMIZATION_LEVEL = 0;
				GCC_PREPROCESSOR_DEFINITIONS = (
					"DEBUG=1",
					"$(inherited)",
				);
				GCC_WARN_64_TO_32_BIT_CONVERSION = YES;
				GCC_WARN_ABOUT_RETURN_TYPE = YES_ERROR;
				GCC_WARN_UNDECLARED_SELECTOR = YES;
				GCC_WARN_UNINITIALIZED_AUTOS = YES_AGGRESSIVE;
				GCC_WARN_UNUSED_FUNCTION = YES;
				GCC_WARN_UNUSED_VARIABLE = YES;
				IPHONEOS_DEPLOYMENT_TARGET = 18.1;
				LOCALIZATION_PREFERS_STRING_CATALOGS = YES;
				MTL_ENABLE_DEBUG_INFO = INCLUDE_SOURCE;
				MTL_FAST_MATH = YES;
				ONLY_ACTIVE_ARCH = YES;
				SDKROOT = iphoneos;
				SWIFT_ACTIVE_COMPILATION_CONDITIONS = "DEBUG $(inherited)";
				SWIFT_OPTIMIZATION_LEVEL = "-Onone";
			};
			name = Debug;
		};
		30BDE0812E7854E200199C93 /* Release */ = {
			isa = XCBuildConfiguration;
			buildSettings = {
				ALWAYS_SEARCH_USER_PATHS = NO;
				ASSETCATALOG_COMPILER_GENERATE_SWIFT_ASSET_SYMBOL_EXTENSIONS = YES;
				CLANG_ANALYZER_NONNULL = YES;
				CLANG_ANALYZER_NUMBER_OBJECT_CONVERSION = YES_AGGRESSIVE;
				CLANG_CXX_LANGUAGE_STANDARD = "gnu++20";
				CLANG_ENABLE_MODULES = YES;
				CLANG_ENABLE_OBJC_ARC = YES;
				CLANG_ENABLE_OBJC_WEAK = YES;
				CLANG_WARN_BLOCK_CAPTURE_AUTORELEASING = YES;
				CLANG_WARN_BOOL_CONVERSION = YES;
				CLANG_WARN_COMMA = YES;
				CLANG_WARN_CONSTANT_CONVERSION = YES;
				CLANG_WARN_DEPRECATED_OBJC_IMPLEMENTATIONS = YES;
				CLANG_WARN_DIRECT_OBJC_ISA_USAGE = YES_ERROR;
				CLANG_WARN_DOCUMENTATION_COMMENTS = YES;
				CLANG_WARN_EMPTY_BODY = YES;
				CLANG_WARN_ENUM_CONVERSION = YES;
				CLANG_WARN_INFINITE_RECURSION = YES;
				CLANG_WARN_INT_CONVERSION = YES;
				CLANG_WARN_NON_LITERAL_NULL_CONVERSION = YES;
				CLANG_WARN_OBJC_IMPLICIT_RETAIN_SELF = YES;
				CLANG_WARN_OBJC_LITERAL_CONVERSION = YES;
				CLANG_WARN_OBJC_ROOT_CLASS = YES_ERROR;
				CLANG_WARN_QUOTED_INCLUDE_IN_FRAMEWORK_HEADER = YES;
				CLANG_WARN_RANGE_LOOP_ANALYSIS = YES;
				CLANG_WARN_STRICT_PROTOTYPES = YES;
				CLANG_WARN_SUSPICIOUS_MOVE = YES;
				CLANG_WARN_UNGUARDED_AVAILABILITY = YES_AGGRESSIVE;
				CLANG_WARN_UNREACHABLE_CODE = YES;
				CLANG_WARN__DUPLICATE_METHOD_MATCH = YES;
				COPY_PHASE_STRIP = NO;
				DEBUG_INFORMATION_FORMAT = "dwarf-with-dsym";
				ENABLE_NS_ASSERTIONS = NO;
				ENABLE_STRICT_OBJC_MSGSEND = YES;
				ENABLE_USER_SCRIPT_SANDBOXING = YES;
				GCC_C_LANGUAGE_STANDARD = gnu17;
				GCC_NO_COMMON_BLOCKS = YES;
				GCC_WARN_64_TO_32_BIT_CONVERSION = YES;
				GCC_WARN_ABOUT_RETURN_TYPE = YES_ERROR;
				GCC_WARN_UNDECLARED_SELECTOR = YES;
				GCC_WARN_UNINITIALIZED_AUTOS = YES_AGGRESSIVE;
				GCC_WARN_UNUSED_FUNCTION = YES;
				GCC_WARN_UNUSED_VARIABLE = YES;
				IPHONEOS_DEPLOYMENT_TARGET = 18.1;
				LOCALIZATION_PREFERS_STRING_CATALOGS = YES;
				MTL_ENABLE_DEBUG_INFO = NO;
				MTL_FAST_MATH = YES;
				SDKROOT = iphoneos;
				SWIFT_COMPILATION_MODE = wholemodule;
				VALIDATE_PRODUCT = YES;
			};
			name = Release;
		};
		30BDE0832E7854E200199C93 /* Debug */ = {
			isa = XCBuildConfiguration;
			buildSettings = {
				ASSETCATALOG_COMPILER_APPICON_NAME = AppIcon;
				ASSETCATALOG_COMPILER_GLOBAL_ACCENT_COLOR_NAME = AccentColor;
				CODE_SIGN_STYLE = Automatic;
				CURRENT_PROJECT_VERSION = 1;
				DEVELOPMENT_ASSET_PATHS = "\"TrackChartiOS/Preview Content\"";
				DEVELOPMENT_TEAM = 9SPL76B3GR;
				ENABLE_PREVIEWS = YES;
				GENERATE_INFOPLIST_FILE = YES;
				INFOPLIST_KEY_UIApplicationSceneManifest_Generation = YES;
				INFOPLIST_KEY_UIApplicationSupportsIndirectInputEvents = YES;
				INFOPLIST_KEY_UILaunchScreen_Generation = YES;
				INFOPLIST_KEY_UISupportedInterfaceOrientations_iPad = "UIInterfaceOrientationPortrait UIInterfaceOrientationPortraitUpsideDown UIInterfaceOrientationLandscapeLeft UIInterfaceOrientationLandscapeRight";
				INFOPLIST_KEY_UISupportedInterfaceOrientations_iPhone = "UIInterfaceOrientationPortrait UIInterfaceOrientationLandscapeLeft UIInterfaceOrientationLandscapeRight";
				LD_RUNPATH_SEARCH_PATHS = (
					"$(inherited)",
					"@executable_path/Frameworks",
				);
				MARKETING_VERSION = 1.0;
				PRODUCT_BUNDLE_IDENTIFIER = com.lewisbar.TrackChart;
				PRODUCT_NAME = "$(TARGET_NAME)";
				SWIFT_EMIT_LOC_STRINGS = YES;
				SWIFT_VERSION = 5.0;
				TARGETED_DEVICE_FAMILY = "1,2";
			};
			name = Debug;
		};
		30BDE0842E7854E200199C93 /* Release */ = {
			isa = XCBuildConfiguration;
			buildSettings = {
				ASSETCATALOG_COMPILER_APPICON_NAME = AppIcon;
				ASSETCATALOG_COMPILER_GLOBAL_ACCENT_COLOR_NAME = AccentColor;
				CODE_SIGN_STYLE = Automatic;
				CURRENT_PROJECT_VERSION = 1;
				DEVELOPMENT_ASSET_PATHS = "\"TrackChartiOS/Preview Content\"";
				DEVELOPMENT_TEAM = 9SPL76B3GR;
				ENABLE_PREVIEWS = YES;
				GENERATE_INFOPLIST_FILE = YES;
				INFOPLIST_KEY_UIApplicationSceneManifest_Generation = YES;
				INFOPLIST_KEY_UIApplicationSupportsIndirectInputEvents = YES;
				INFOPLIST_KEY_UILaunchScreen_Generation = YES;
				INFOPLIST_KEY_UISupportedInterfaceOrientations_iPad = "UIInterfaceOrientationPortrait UIInterfaceOrientationPortraitUpsideDown UIInterfaceOrientationLandscapeLeft UIInterfaceOrientationLandscapeRight";
				INFOPLIST_KEY_UISupportedInterfaceOrientations_iPhone = "UIInterfaceOrientationPortrait UIInterfaceOrientationLandscapeLeft UIInterfaceOrientationLandscapeRight";
				LD_RUNPATH_SEARCH_PATHS = (
					"$(inherited)",
					"@executable_path/Frameworks",
				);
				MARKETING_VERSION = 1.0;
				PRODUCT_BUNDLE_IDENTIFIER = com.lewisbar.TrackChart;
				PRODUCT_NAME = "$(TARGET_NAME)";
				SWIFT_EMIT_LOC_STRINGS = YES;
				SWIFT_VERSION = 5.0;
				TARGETED_DEVICE_FAMILY = "1,2";
			};
			name = Release;
		};
/* End XCBuildConfiguration section */

/* Begin XCConfigurationList section */
		301C95B82E818653008E3F16 /* Build configuration list for PBXNativeTarget "Domain" */ = {
			isa = XCConfigurationList;
			buildConfigurations = (
				301C95B92E818653008E3F16 /* Debug */,
				301C95BA2E818653008E3F16 /* Release */,
			);
			defaultConfigurationIsVisible = 0;
			defaultConfigurationName = Release;
		};
		301C95BB2E818653008E3F16 /* Build configuration list for PBXNativeTarget "DomainTests" */ = {
			isa = XCConfigurationList;
			buildConfigurations = (
				301C95BC2E818653008E3F16 /* Debug */,
				301C95BD2E818653008E3F16 /* Release */,
			);
			defaultConfigurationIsVisible = 0;
			defaultConfigurationName = Release;
		};
		30438AD82E7990AF00F3C852 /* Build configuration list for PBXNativeTarget "TrackChartiOSTests" */ = {
			isa = XCConfigurationList;
			buildConfigurations = (
				30438AD62E7990AF00F3C852 /* Debug */,
				30438AD72E7990AF00F3C852 /* Release */,
			);
			defaultConfigurationIsVisible = 0;
			defaultConfigurationName = Release;
		};
		3049D7E02E957FB000BEECA3 /* Build configuration list for PBXNativeTarget "Presentation" */ = {
			isa = XCConfigurationList;
			buildConfigurations = (
				3049D7E12E957FB000BEECA3 /* Debug */,
				3049D7E22E957FB000BEECA3 /* Release */,
			);
			defaultConfigurationIsVisible = 0;
			defaultConfigurationName = Release;
		};
		3049D7E32E957FB000BEECA3 /* Build configuration list for PBXNativeTarget "PresentationTests" */ = {
			isa = XCConfigurationList;
			buildConfigurations = (
				3049D7E42E957FB000BEECA3 /* Debug */,
				3049D7E52E957FB000BEECA3 /* Release */,
			);
			defaultConfigurationIsVisible = 0;
			defaultConfigurationName = Release;
		};
		3050056D2E79B95A00DEF76D /* Build configuration list for PBXNativeTarget "Persistence" */ = {
			isa = XCConfigurationList;
			buildConfigurations = (
				3050056E2E79B95A00DEF76D /* Debug */,
				3050056F2E79B95A00DEF76D /* Release */,
			);
			defaultConfigurationIsVisible = 0;
			defaultConfigurationName = Release;
		};
		305005702E79B95A00DEF76D /* Build configuration list for PBXNativeTarget "PersistenceTests" */ = {
			isa = XCConfigurationList;
			buildConfigurations = (
				305005712E79B95A00DEF76D /* Debug */,
				305005722E79B95A00DEF76D /* Release */,
			);
			defaultConfigurationIsVisible = 0;
			defaultConfigurationName = Release;
		};
		30BDE06F2E7854DF00199C93 /* Build configuration list for PBXProject "TrackChart" */ = {
			isa = XCConfigurationList;
			buildConfigurations = (
				30BDE0802E7854E200199C93 /* Debug */,
				30BDE0812E7854E200199C93 /* Release */,
			);
			defaultConfigurationIsVisible = 0;
			defaultConfigurationName = Release;
		};
		30BDE0822E7854E200199C93 /* Build configuration list for PBXNativeTarget "TrackChartiOS" */ = {
			isa = XCConfigurationList;
			buildConfigurations = (
				30BDE0832E7854E200199C93 /* Debug */,
				30BDE0842E7854E200199C93 /* Release */,
			);
			defaultConfigurationIsVisible = 0;
			defaultConfigurationName = Release;
		};
/* End XCConfigurationList section */
	};
	rootObject = 30BDE06C2E7854DF00199C93 /* Project object */;
}
